// !$*UTF8*$!
{
	archiveVersion = 1;
	classes = {
	};
	objectVersion = 46;
	objects = {

/* Begin PBXBuildFile section */
		A96B18031E382AE20021DB6D /* AppDelegate.swift in Sources */ = {isa = PBXBuildFile; fileRef = A96B18021E382AE20021DB6D /* AppDelegate.swift */; };
		A96B18051E382AE20021DB6D /* ViewController.swift in Sources */ = {isa = PBXBuildFile; fileRef = A96B18041E382AE20021DB6D /* ViewController.swift */; };
		A96B18081E382AE20021DB6D /* Main.storyboard in Resources */ = {isa = PBXBuildFile; fileRef = A96B18061E382AE20021DB6D /* Main.storyboard */; };
		A96B180A1E382AE20021DB6D /* Assets.xcassets in Resources */ = {isa = PBXBuildFile; fileRef = A96B18091E382AE20021DB6D /* Assets.xcassets */; };
		A96B180D1E382AE20021DB6D /* LaunchScreen.storyboard in Resources */ = {isa = PBXBuildFile; fileRef = A96B180B1E382AE20021DB6D /* LaunchScreen.storyboard */; };
		A96B18181E382AE20021DB6D /* git_xcode_tutorialTests.swift in Sources */ = {isa = PBXBuildFile; fileRef = A96B18171E382AE20021DB6D /* git_xcode_tutorialTests.swift */; };
		A96B18231E382AE20021DB6D /* git_xcode_tutorialUITests.swift in Sources */ = {isa = PBXBuildFile; fileRef = A96B18221E382AE20021DB6D /* git_xcode_tutorialUITests.swift */; };
/* End PBXBuildFile section */

/* Begin PBXContainerItemProxy section */
		A96B18141E382AE20021DB6D /* PBXContainerItemProxy */ = {
			isa = PBXContainerItemProxy;
			containerPortal = A96B17F71E382AE20021DB6D /* Project object */;
			proxyType = 1;
			remoteGlobalIDString = A96B17FE1E382AE20021DB6D;
			remoteInfo = "git-xcode-tutorial";
		};
		A96B181F1E382AE20021DB6D /* PBXContainerItemProxy */ = {
			isa = PBXContainerItemProxy;
			containerPortal = A96B17F71E382AE20021DB6D /* Project object */;
			proxyType = 1;
			remoteGlobalIDString = A96B17FE1E382AE20021DB6D;
			remoteInfo = "git-xcode-tutorial";
		};
/* End PBXContainerItemProxy section */

/* Begin PBXFileReference section */
		A96B17FF1E382AE20021DB6D /* git-xcode-tutorial.app */ = {isa = PBXFileReference; explicitFileType = wrapper.application; includeInIndex = 0; path = "git-xcode-tutorial.app"; sourceTree = BUILT_PRODUCTS_DIR; };
		A96B18021E382AE20021DB6D /* AppDelegate.swift */ = {isa = PBXFileReference; lastKnownFileType = sourcecode.swift; path = AppDelegate.swift; sourceTree = "<group>"; };
		A96B18041E382AE20021DB6D /* ViewController.swift */ = {isa = PBXFileReference; lastKnownFileType = sourcecode.swift; path = ViewController.swift; sourceTree = "<group>"; };
		A96B18071E382AE20021DB6D /* Base */ = {isa = PBXFileReference; lastKnownFileType = file.storyboard; name = Base; path = Base.lproj/Main.storyboard; sourceTree = "<group>"; };
		A96B18091E382AE20021DB6D /* Assets.xcassets */ = {isa = PBXFileReference; lastKnownFileType = folder.assetcatalog; path = Assets.xcassets; sourceTree = "<group>"; };
		A96B180C1E382AE20021DB6D /* Base */ = {isa = PBXFileReference; lastKnownFileType = file.storyboard; name = Base; path = Base.lproj/LaunchScreen.storyboard; sourceTree = "<group>"; };
		A96B180E1E382AE20021DB6D /* Info.plist */ = {isa = PBXFileReference; lastKnownFileType = text.plist.xml; path = Info.plist; sourceTree = "<group>"; };
		A96B18131E382AE20021DB6D /* git-xcode-tutorialTests.xctest */ = {isa = PBXFileReference; explicitFileType = wrapper.cfbundle; includeInIndex = 0; path = "git-xcode-tutorialTests.xctest"; sourceTree = BUILT_PRODUCTS_DIR; };
		A96B18171E382AE20021DB6D /* git_xcode_tutorialTests.swift */ = {isa = PBXFileReference; lastKnownFileType = sourcecode.swift; path = git_xcode_tutorialTests.swift; sourceTree = "<group>"; };
		A96B18191E382AE20021DB6D /* Info.plist */ = {isa = PBXFileReference; lastKnownFileType = text.plist.xml; path = Info.plist; sourceTree = "<group>"; };
		A96B181E1E382AE20021DB6D /* git-xcode-tutorialUITests.xctest */ = {isa = PBXFileReference; explicitFileType = wrapper.cfbundle; includeInIndex = 0; path = "git-xcode-tutorialUITests.xctest"; sourceTree = BUILT_PRODUCTS_DIR; };
		A96B18221E382AE20021DB6D /* git_xcode_tutorialUITests.swift */ = {isa = PBXFileReference; lastKnownFileType = sourcecode.swift; path = git_xcode_tutorialUITests.swift; sourceTree = "<group>"; };
		A96B18241E382AE20021DB6D /* Info.plist */ = {isa = PBXFileReference; lastKnownFileType = text.plist.xml; path = Info.plist; sourceTree = "<group>"; };
/* End PBXFileReference section */

/* Begin PBXFrameworksBuildPhase section */
		A96B17FC1E382AE20021DB6D /* Frameworks */ = {
			isa = PBXFrameworksBuildPhase;
			buildActionMask = 2147483647;
			files = (
			);
			runOnlyForDeploymentPostprocessing = 0;
		};
		A96B18101E382AE20021DB6D /* Frameworks */ = {
			isa = PBXFrameworksBuildPhase;
			buildActionMask = 2147483647;
			files = (
			);
			runOnlyForDeploymentPostprocessing = 0;
		};
		A96B181B1E382AE20021DB6D /* Frameworks */ = {
			isa = PBXFrameworksBuildPhase;
			buildActionMask = 2147483647;
			files = (
			);
			runOnlyForDeploymentPostprocessing = 0;
		};
/* End PBXFrameworksBuildPhase section */

/* Begin PBXGroup section */
		A96B17F61E382AE20021DB6D = {
			isa = PBXGroup;
			children = (
				A96B18011E382AE20021DB6D /* git-xcode-tutorial */,
				A96B18161E382AE20021DB6D /* git-xcode-tutorialTests */,
				A96B18211E382AE20021DB6D /* git-xcode-tutorialUITests */,
				A96B18001E382AE20021DB6D /* Products */,
			);
			sourceTree = "<group>";
		};
		A96B18001E382AE20021DB6D /* Products */ = {
			isa = PBXGroup;
			children = (
				A96B17FF1E382AE20021DB6D /* git-xcode-tutorial.app */,
				A96B18131E382AE20021DB6D /* git-xcode-tutorialTests.xctest */,
				A96B181E1E382AE20021DB6D /* git-xcode-tutorialUITests.xctest */,
			);
			name = Products;
			sourceTree = "<group>";
		};
		A96B18011E382AE20021DB6D /* git-xcode-tutorial */ = {
			isa = PBXGroup;
			children = (
				A96B18021E382AE20021DB6D /* AppDelegate.swift */,
				A96B18041E382AE20021DB6D /* ViewController.swift */,
				A96B18061E382AE20021DB6D /* Main.storyboard */,
				A96B18091E382AE20021DB6D /* Assets.xcassets */,
				A96B180B1E382AE20021DB6D /* LaunchScreen.storyboard */,
				A96B180E1E382AE20021DB6D /* Info.plist */,
			);
			path = "git-xcode-tutorial";
			sourceTree = "<group>";
		};
		A96B18161E382AE20021DB6D /* git-xcode-tutorialTests */ = {
			isa = PBXGroup;
			children = (
				A96B18171E382AE20021DB6D /* git_xcode_tutorialTests.swift */,
				A96B18191E382AE20021DB6D /* Info.plist */,
			);
			path = "git-xcode-tutorialTests";
			sourceTree = "<group>";
		};
		A96B18211E382AE20021DB6D /* git-xcode-tutorialUITests */ = {
			isa = PBXGroup;
			children = (
				A96B18221E382AE20021DB6D /* git_xcode_tutorialUITests.swift */,
				A96B18241E382AE20021DB6D /* Info.plist */,
			);
			path = "git-xcode-tutorialUITests";
			sourceTree = "<group>";
		};
/* End PBXGroup section */

/* Begin PBXNativeTarget section */
		A96B17FE1E382AE20021DB6D /* git-xcode-tutorial */ = {
			isa = PBXNativeTarget;
			buildConfigurationList = A96B18271E382AE20021DB6D /* Build configuration list for PBXNativeTarget "git-xcode-tutorial" */;
			buildPhases = (
				A96B17FB1E382AE20021DB6D /* Sources */,
				A96B17FC1E382AE20021DB6D /* Frameworks */,
				A96B17FD1E382AE20021DB6D /* Resources */,
			);
			buildRules = (
			);
			dependencies = (
			);
			name = "git-xcode-tutorial";
			productName = "git-xcode-tutorial";
			productReference = A96B17FF1E382AE20021DB6D /* git-xcode-tutorial.app */;
			productType = "com.apple.product-type.application";
		};
		A96B18121E382AE20021DB6D /* git-xcode-tutorialTests */ = {
			isa = PBXNativeTarget;
			buildConfigurationList = A96B182A1E382AE20021DB6D /* Build configuration list for PBXNativeTarget "git-xcode-tutorialTests" */;
			buildPhases = (
				A96B180F1E382AE20021DB6D /* Sources */,
				A96B18101E382AE20021DB6D /* Frameworks */,
				A96B18111E382AE20021DB6D /* Resources */,
			);
			buildRules = (
			);
			dependencies = (
				A96B18151E382AE20021DB6D /* PBXTargetDependency */,
			);
			name = "git-xcode-tutorialTests";
			productName = "git-xcode-tutorialTests";
			productReference = A96B18131E382AE20021DB6D /* git-xcode-tutorialTests.xctest */;
			productType = "com.apple.product-type.bundle.unit-test";
		};
		A96B181D1E382AE20021DB6D /* git-xcode-tutorialUITests */ = {
			isa = PBXNativeTarget;
			buildConfigurationList = A96B182D1E382AE20021DB6D /* Build configuration list for PBXNativeTarget "git-xcode-tutorialUITests" */;
			buildPhases = (
				A96B181A1E382AE20021DB6D /* Sources */,
				A96B181B1E382AE20021DB6D /* Frameworks */,
				A96B181C1E382AE20021DB6D /* Resources */,
			);
			buildRules = (
			);
			dependencies = (
				A96B18201E382AE20021DB6D /* PBXTargetDependency */,
			);
			name = "git-xcode-tutorialUITests";
			productName = "git-xcode-tutorialUITests";
			productReference = A96B181E1E382AE20021DB6D /* git-xcode-tutorialUITests.xctest */;
			productType = "com.apple.product-type.bundle.ui-testing";
		};
/* End PBXNativeTarget section */

/* Begin PBXProject section */
		A96B17F71E382AE20021DB6D /* Project object */ = {
			isa = PBXProject;
			attributes = {
				LastSwiftUpdateCheck = 0820;
				LastUpgradeCheck = 0820;
				ORGANIZATIONNAME = "Antonio Medrano";
				TargetAttributes = {
					A96B17FE1E382AE20021DB6D = {
						CreatedOnToolsVersion = 8.2.1;
						ProvisioningStyle = Automatic;
					};
					A96B18121E382AE20021DB6D = {
						CreatedOnToolsVersion = 8.2.1;
						ProvisioningStyle = Automatic;
						TestTargetID = A96B17FE1E382AE20021DB6D;
					};
					A96B181D1E382AE20021DB6D = {
						CreatedOnToolsVersion = 8.2.1;
						ProvisioningStyle = Automatic;
						TestTargetID = A96B17FE1E382AE20021DB6D;
					};
				};
			};
			buildConfigurationList = A96B17FA1E382AE20021DB6D /* Build configuration list for PBXProject "git-xcode-tutorial" */;
			compatibilityVersion = "Xcode 3.2";
			developmentRegion = English;
			hasScannedForEncodings = 0;
			knownRegions = (
				en,
				Base,
			);
			mainGroup = A96B17F61E382AE20021DB6D;
			productRefGroup = A96B18001E382AE20021DB6D /* Products */;
			projectDirPath = "";
			projectRoot = "";
			targets = (
				A96B17FE1E382AE20021DB6D /* git-xcode-tutorial */,
				A96B18121E382AE20021DB6D /* git-xcode-tutorialTests */,
				A96B181D1E382AE20021DB6D /* git-xcode-tutorialUITests */,
			);
		};
/* End PBXProject section */

/* Begin PBXResourcesBuildPhase section */
		A96B17FD1E382AE20021DB6D /* Resources */ = {
			isa = PBXResourcesBuildPhase;
			buildActionMask = 2147483647;
			files = (
				A96B180D1E382AE20021DB6D /* LaunchScreen.storyboard in Resources */,
				A96B180A1E382AE20021DB6D /* Assets.xcassets in Resources */,
				A96B18081E382AE20021DB6D /* Main.storyboard in Resources */,
			);
			runOnlyForDeploymentPostprocessing = 0;
		};
		A96B18111E382AE20021DB6D /* Resources */ = {
			isa = PBXResourcesBuildPhase;
			buildActionMask = 2147483647;
			files = (
			);
			runOnlyForDeploymentPostprocessing = 0;
		};
		A96B181C1E382AE20021DB6D /* Resources */ = {
			isa = PBXResourcesBuildPhase;
			buildActionMask = 2147483647;
			files = (
			);
			runOnlyForDeploymentPostprocessing = 0;
		};
/* End PBXResourcesBuildPhase section */

/* Begin PBXSourcesBuildPhase section */
		A96B17FB1E382AE20021DB6D /* Sources */ = {
			isa = PBXSourcesBuildPhase;
			buildActionMask = 2147483647;
			files = (
				A96B18051E382AE20021DB6D /* ViewController.swift in Sources */,
				A96B18031E382AE20021DB6D /* AppDelegate.swift in Sources */,
			);
			runOnlyForDeploymentPostprocessing = 0;
		};
		A96B180F1E382AE20021DB6D /* Sources */ = {
			isa = PBXSourcesBuildPhase;
			buildActionMask = 2147483647;
			files = (
				A96B18181E382AE20021DB6D /* git_xcode_tutorialTests.swift in Sources */,
			);
			runOnlyForDeploymentPostprocessing = 0;
		};
		A96B181A1E382AE20021DB6D /* Sources */ = {
			isa = PBXSourcesBuildPhase;
			buildActionMask = 2147483647;
			files = (
				A96B18231E382AE20021DB6D /* git_xcode_tutorialUITests.swift in Sources */,
			);
			runOnlyForDeploymentPostprocessing = 0;
		};
/* End PBXSourcesBuildPhase section */

/* Begin PBXTargetDependency section */
		A96B18151E382AE20021DB6D /* PBXTargetDependency */ = {
			isa = PBXTargetDependency;
			target = A96B17FE1E382AE20021DB6D /* git-xcode-tutorial */;
			targetProxy = A96B18141E382AE20021DB6D /* PBXContainerItemProxy */;
		};
		A96B18201E382AE20021DB6D /* PBXTargetDependency */ = {
			isa = PBXTargetDependency;
			target = A96B17FE1E382AE20021DB6D /* git-xcode-tutorial */;
			targetProxy = A96B181F1E382AE20021DB6D /* PBXContainerItemProxy */;
		};
/* End PBXTargetDependency section */

/* Begin PBXVariantGroup section */
		A96B18061E382AE20021DB6D /* Main.storyboard */ = {
			isa = PBXVariantGroup;
			children = (
				A96B18071E382AE20021DB6D /* Base */,
			);
			name = Main.storyboard;
			sourceTree = "<group>";
		};
		A96B180B1E382AE20021DB6D /* LaunchScreen.storyboard */ = {
			isa = PBXVariantGroup;
			children = (
				A96B180C1E382AE20021DB6D /* Base */,
			);
			name = LaunchScreen.storyboard;
			sourceTree = "<group>";
		};
/* End PBXVariantGroup section */

/* Begin XCBuildConfiguration section */
		A96B18251E382AE20021DB6D /* Debug */ = {
			isa = XCBuildConfiguration;
			buildSettings = {
				ALWAYS_SEARCH_USER_PATHS = NO;
				CLANG_ANALYZER_NONNULL = YES;
				CLANG_CXX_LANGUAGE_STANDARD = "gnu++0x";
				CLANG_CXX_LIBRARY = "libc++";
				CLANG_ENABLE_MODULES = YES;
				CLANG_ENABLE_OBJC_ARC = YES;
				CLANG_WARN_BOOL_CONVERSION = YES;
				CLANG_WARN_CONSTANT_CONVERSION = YES;
				CLANG_WARN_DIRECT_OBJC_ISA_USAGE = YES_ERROR;
				CLANG_WARN_DOCUMENTATION_COMMENTS = YES;
				CLANG_WARN_EMPTY_BODY = YES;
				CLANG_WARN_ENUM_CONVERSION = YES;
				CLANG_WARN_INFINITE_RECURSION = YES;
				CLANG_WARN_INT_CONVERSION = YES;
				CLANG_WARN_OBJC_ROOT_CLASS = YES_ERROR;
				CLANG_WARN_SUSPICIOUS_MOVE = YES;
				CLANG_WARN_UNREACHABLE_CODE = YES;
				CLANG_WARN__DUPLICATE_METHOD_MATCH = YES;
				"CODE_SIGN_IDENTITY[sdk=iphoneos*]" = "iPhone Developer";
				COPY_PHASE_STRIP = NO;
				DEBUG_INFORMATION_FORMAT = dwarf;
				ENABLE_STRICT_OBJC_MSGSEND = YES;
				ENABLE_TESTABILITY = YES;
				GCC_C_LANGUAGE_STANDARD = gnu99;
				GCC_DYNAMIC_NO_PIC = NO;
				GCC_NO_COMMON_BLOCKS = YES;
				GCC_OPTIMIZATION_LEVEL = 0;
				GCC_PREPROCESSOR_DEFINITIONS = (
					"DEBUG=1",
					"$(inherited)",
				);
				GCC_WARN_64_TO_32_BIT_CONVERSION = YES;
				GCC_WARN_ABOUT_RETURN_TYPE = YES_ERROR;
				GCC_WARN_UNDECLARED_SELECTOR = YES;
				GCC_WARN_UNINITIALIZED_AUTOS = YES_AGGRESSIVE;
				GCC_WARN_UNUSED_FUNCTION = YES;
				GCC_WARN_UNUSED_VARIABLE = YES;
				IPHONEOS_DEPLOYMENT_TARGET = 10.2;
				MTL_ENABLE_DEBUG_INFO = YES;
				ONLY_ACTIVE_ARCH = YES;
				SDKROOT = iphoneos;
				SWIFT_ACTIVE_COMPILATION_CONDITIONS = DEBUG;
				SWIFT_OPTIMIZATION_LEVEL = "-Onone";
				TARGETED_DEVICE_FAMILY = "1,2";
			};
			name = Debug;
		};
		A96B18261E382AE20021DB6D /* Release */ = {
			isa = XCBuildConfiguration;
			buildSettings = {
				ALWAYS_SEARCH_USER_PATHS = NO;
				CLANG_ANALYZER_NONNULL = YES;
				CLANG_CXX_LANGUAGE_STANDARD = "gnu++0x";
				CLANG_CXX_LIBRARY = "libc++";
				CLANG_ENABLE_MODULES = YES;
				CLANG_ENABLE_OBJC_ARC = YES;
				CLANG_WARN_BOOL_CONVERSION = YES;
				CLANG_WARN_CONSTANT_CONVERSION = YES;
				CLANG_WARN_DIRECT_OBJC_ISA_USAGE = YES_ERROR;
				CLANG_WARN_DOCUMENTATION_COMMENTS = YES;
				CLANG_WARN_EMPTY_BODY = YES;
				CLANG_WARN_ENUM_CONVERSION = YES;
				CLANG_WARN_INFINITE_RECURSION = YES;
				CLANG_WARN_INT_CONVERSION = YES;
				CLANG_WARN_OBJC_ROOT_CLASS = YES_ERROR;
				CLANG_WARN_SUSPICIOUS_MOVE = YES;
				CLANG_WARN_UNREACHABLE_CODE = YES;
				CLANG_WARN__DUPLICATE_METHOD_MATCH = YES;
				"CODE_SIGN_IDENTITY[sdk=iphoneos*]" = "iPhone Developer";
				COPY_PHASE_STRIP = NO;
				DEBUG_INFORMATION_FORMAT = "dwarf-with-dsym";
				ENABLE_NS_ASSERTIONS = NO;
				ENABLE_STRICT_OBJC_MSGSEND = YES;
				GCC_C_LANGUAGE_STANDARD = gnu99;
				GCC_NO_COMMON_BLOCKS = YES;
				GCC_WARN_64_TO_32_BIT_CONVERSION = YES;
				GCC_WARN_ABOUT_RETURN_TYPE = YES_ERROR;
				GCC_WARN_UNDECLARED_SELECTOR = YES;
				GCC_WARN_UNINITIALIZED_AUTOS = YES_AGGRESSIVE;
				GCC_WARN_UNUSED_FUNCTION = YES;
				GCC_WARN_UNUSED_VARIABLE = YES;
				IPHONEOS_DEPLOYMENT_TARGET = 10.2;
				MTL_ENABLE_DEBUG_INFO = NO;
				SDKROOT = iphoneos;
				SWIFT_OPTIMIZATION_LEVEL = "-Owholemodule";
				TARGETED_DEVICE_FAMILY = "1,2";
				VALIDATE_PRODUCT = YES;
			};
			name = Release;
		};
		A96B18281E382AE20021DB6D /* Debug */ = {
			isa = XCBuildConfiguration;
			buildSettings = {
				ASSETCATALOG_COMPILER_APPICON_NAME = AppIcon;
				INFOPLIST_FILE = "git-xcode-tutorial/Info.plist";
				LD_RUNPATH_SEARCH_PATHS = "$(inherited) @executable_path/Frameworks";
				PRODUCT_BUNDLE_IDENTIFIER = "antoniomedrano.git-xcode-tutorial";
				PRODUCT_NAME = "$(TARGET_NAME)";
				SWIFT_VERSION = 3.0;
			};
			name = Debug;
		};
		A96B18291E382AE20021DB6D /* Release */ = {
			isa = XCBuildConfiguration;
			buildSettings = {
				ASSETCATALOG_COMPILER_APPICON_NAME = AppIcon;
				INFOPLIST_FILE = "git-xcode-tutorial/Info.plist";
				LD_RUNPATH_SEARCH_PATHS = "$(inherited) @executable_path/Frameworks";
				PRODUCT_BUNDLE_IDENTIFIER = "antoniomedrano.git-xcode-tutorial";
				PRODUCT_NAME = "$(TARGET_NAME)";
				SWIFT_VERSION = 3.0;
			};
			name = Release;
		};
		A96B182B1E382AE20021DB6D /* Debug */ = {
			isa = XCBuildConfiguration;
			buildSettings = {
				ALWAYS_EMBED_SWIFT_STANDARD_LIBRARIES = YES;
				BUNDLE_LOADER = "$(TEST_HOST)";
				INFOPLIST_FILE = "git-xcode-tutorialTests/Info.plist";
				LD_RUNPATH_SEARCH_PATHS = "$(inherited) @executable_path/Frameworks @loader_path/Frameworks";
				PRODUCT_BUNDLE_IDENTIFIER = "antoniomedrano.git-xcode-tutorialTests";
				PRODUCT_NAME = "$(TARGET_NAME)";
				SWIFT_VERSION = 3.0;
				TEST_HOST = "$(BUILT_PRODUCTS_DIR)/git-xcode-tutorial.app/git-xcode-tutorial";
			};
			name = Debug;
		};
		A96B182C1E382AE20021DB6D /* Release */ = {
			isa = XCBuildConfiguration;
			buildSettings = {
				ALWAYS_EMBED_SWIFT_STANDARD_LIBRARIES = YES;
				BUNDLE_LOADER = "$(TEST_HOST)";
				INFOPLIST_FILE = "git-xcode-tutorialTests/Info.plist";
				LD_RUNPATH_SEARCH_PATHS = "$(inherited) @executable_path/Frameworks @loader_path/Frameworks";
				PRODUCT_BUNDLE_IDENTIFIER = "antoniomedrano.git-xcode-tutorialTests";
				PRODUCT_NAME = "$(TARGET_NAME)";
				SWIFT_VERSION = 3.0;
				TEST_HOST = "$(BUILT_PRODUCTS_DIR)/git-xcode-tutorial.app/git-xcode-tutorial";
			};
			name = Release;
		};
		A96B182E1E382AE20021DB6D /* Debug */ = {
			isa = XCBuildConfiguration;
			buildSettings = {
				ALWAYS_EMBED_SWIFT_STANDARD_LIBRARIES = YES;
				INFOPLIST_FILE = "git-xcode-tutorialUITests/Info.plist";
				LD_RUNPATH_SEARCH_PATHS = "$(inherited) @executable_path/Frameworks @loader_path/Frameworks";
				PRODUCT_BUNDLE_IDENTIFIER = "antoniomedrano.git-xcode-tutorialUITests";
				PRODUCT_NAME = "$(TARGET_NAME)";
				SWIFT_VERSION = 3.0;
				TEST_TARGET_NAME = "git-xcode-tutorial";
			};
			name = Debug;
		};
		A96B182F1E382AE20021DB6D /* Release */ = {
			isa = XCBuildConfiguration;
			buildSettings = {
				ALWAYS_EMBED_SWIFT_STANDARD_LIBRARIES = YES;
				INFOPLIST_FILE = "git-xcode-tutorialUITests/Info.plist";
				LD_RUNPATH_SEARCH_PATHS = "$(inherited) @executable_path/Frameworks @loader_path/Frameworks";
				PRODUCT_BUNDLE_IDENTIFIER = "antoniomedrano.git-xcode-tutorialUITests";
				PRODUCT_NAME = "$(TARGET_NAME)";
				SWIFT_VERSION = 3.0;
				TEST_TARGET_NAME = "git-xcode-tutorial";
			};
			name = Release;
		};
/* End XCBuildConfiguration section */

/* Begin XCConfigurationList section */
		A96B17FA1E382AE20021DB6D /* Build configuration list for PBXProject "git-xcode-tutorial" */ = {
			isa = XCConfigurationList;
			buildConfigurations = (
				A96B18251E382AE20021DB6D /* Debug */,
				A96B18261E382AE20021DB6D /* Release */,
			);
			defaultConfigurationIsVisible = 0;
			defaultConfigurationName = Release;
		};
		A96B18271E382AE20021DB6D /* Build configuration list for PBXNativeTarget "git-xcode-tutorial" */ = {
			isa = XCConfigurationList;
			buildConfigurations = (
				A96B18281E382AE20021DB6D /* Debug */,
				A96B18291E382AE20021DB6D /* Release */,
			);
			defaultConfigurationIsVisible = 0;
		};
		A96B182A1E382AE20021DB6D /* Build configuration list for PBXNativeTarget "git-xcode-tutorialTests" */ = {
			isa = XCConfigurationList;
			buildConfigurations = (
				A96B182B1E382AE20021DB6D /* Debug */,
				A96B182C1E382AE20021DB6D /* Release */,
			);
			defaultConfigurationIsVisible = 0;
		};
		A96B182D1E382AE20021DB6D /* Build configuration list for PBXNativeTarget "git-xcode-tutorialUITests" */ = {
			isa = XCConfigurationList;
			buildConfigurations = (
				A96B182E1E382AE20021DB6D /* Debug */,
				A96B182F1E382AE20021DB6D /* Release */,
			);
			defaultConfigurationIsVisible = 0;
		};
/* End XCConfigurationList section */
	};
	rootObject = A96B17F71E382AE20021DB6D /* Project object */;
}
